<?xml version="1.0" encoding="utf-8"?>
<Project ToolsVersion="4.0" xmlns="http://schemas.microsoft.com/developer/msbuild/2003">
  <ItemGroup>
    <Filter Include="Quelldateien">
      <UniqueIdentifier>{4FC737F1-C7A5-4376-A066-2A32D752A2FF}</UniqueIdentifier>
      <Extensions>cpp;c;cc;cxx;def;odl;idl;hpj;bat;asm;asmx</Extensions>
    </Filter>
    <Filter Include="Headerdateien">
      <UniqueIdentifier>{93995380-89BD-4b04-88EB-625FBE52EBFB}</UniqueIdentifier>
      <Extensions>h;hh;hpp;hxx;hm;inl;inc;xsd</Extensions>
    </Filter>
    <Filter Include="Ressourcendateien">
      <UniqueIdentifier>{67DA6AB6-F800-4c08-8B7A-83BB121AAD01}</UniqueIdentifier>
      <Extensions>rc;ico;cur;bmp;dlg;rc2;rct;bin;rgs;gif;jpg;jpeg;jpe;resx;tiff;tif;png;wav;mfcribbon-ms</Extensions>
    </Filter>
  </ItemGroup>
  <ItemGroup>
    <Text Include="ReadMe.txt" />
  </ItemGroup>
  <ItemGroup>
    <ClInclude Include="SemesterProjektTest1.h">
      <Filter>Headerdateien</Filter>
    </ClInclude>
    <ClInclude Include="SemesterProjektTest1Dlg.h">
      <Filter>Headerdateien</Filter>
    </ClInclude>
    <ClInclude Include="stdafx.h">
      <Filter>Headerdateien</Filter>
    </ClInclude>
    <ClInclude Include="targetver.h">
      <Filter>Headerdateien</Filter>
    </ClInclude>
    <ClInclude Include="Resource.h">
      <Filter>Headerdateien</Filter>
    </ClInclude>
    <ClInclude Include="window2.h">
      <Filter>Headerdateien</Filter>
    </ClInclude>
    <ClInclude Include="ModiAuswahl.h">
      <Filter>Headerdateien</Filter>
    </ClInclude>
    <ClInclude Include="HalbSicherDlg.h">
      <Filter>Headerdateien</Filter>
    </ClInclude>
    <ClInclude Include="OverlayDlg.h">
      <Filter>Headerdateien</Filter>
    </ClInclude>
  </ItemGroup>
  <ItemGroup>
    <ClCompile Include="SemesterProjektTest1.cpp">
      <Filter>Quelldateien</Filter>
    </ClCompile>
    <ClCompile Include="stdafx.cpp">
      <Filter>Quelldateien</Filter>
    </ClCompile>
    <ClCompile Include="window2.cpp">
      <Filter>Quelldateien</Filter>
    </ClCompile>
    <ClCompile Include="ModiAuswahl.cpp">
      <Filter>Quelldateien</Filter>
    </ClCompile>
    <ClCompile Include="HalbSicherDlg.cpp">
      <Filter>Quelldateien</Filter>
    </ClCompile>
    <ClCompile Include="SemesterProjektTest1Dlg.cpp">
      <Filter>Quelldateien</Filter>
    </ClCompile>
    <ClCompile Include="OverlayDlg.cpp">
      <Filter>Quelldateien</Filter>
    </ClCompile>
  </ItemGroup>
  <ItemGroup>
    <ResourceCompile Include="SemesterProjektTest1.rc">
      <Filter>Ressourcendateien</Filter>
    </ResourceCompile>
  </ItemGroup>
  <ItemGroup>
    <None Include="res\SemesterProjektTest1.rc2">
      <Filter>Ressourcendateien</Filter>
    </None>
  </ItemGroup>
  <ItemGroup>
    <Image Include="res\SemesterProjektTest1.ico">
      <Filter>Ressourcendateien</Filter>
    </Image>
    <Image Include="res\bitmap1.bmp">
      <Filter>Ressourcendateien</Filter>
    </Image>
    <Image Include="res\bmp00001.bmp">
      <Filter>Ressourcendateien</Filter>
    </Image>
    <Image Include="res\bitmap2.bmp">
      <Filter>Ressourcendateien</Filter>
    </Image>
    <Image Include="res\bitmap3.bmp">
      <Filter>Ressourcendateien</Filter>
    </Image>
    <Image Include="res\bmp00002.bmp">
      <Filter>Ressourcendateien</Filter>
    </Image>
    <Image Include="res\bmpRot.bmp">
      <Filter>Ressourcendateien</Filter>
    </Image>
  </ItemGroup>
</Project>